
Microsoft Visual Studio Solution File, Format Version 12.00
# Visual Studio Version 17
VisualStudioVersion = 17.6.33829.357
MinimumVisualStudioVersion = 10.0.40219.1
Project("{FAE04EC0-301F-11D3-BF4B-00C04F79EFBC}") = "VitaQuest", "VitaQuest\VitaQuest.csproj", "{350D3B92-89D2-4B01-B074-54EF8799E31C}"
EndProject
Global
	GlobalSection(SolutionConfigurationPlatforms) = preSolution
		Debug|Any CPU = Debug|Any CPU
		Release|Any CPU = Release|Any CPU
	EndGlobalSection
	GlobalSection(ProjectConfigurationPlatforms) = postSolution
		{350D3B92-89D2-4B01-B074-54EF8799E31C}.Debug|Any CPU.ActiveCfg = Debug|Any CPU
		{350D3B92-89D2-4B01-B074-54EF8799E31C}.Debug|Any CPU.Build.0 = Debug|Any CPU
		{350D3B92-89D2-4B01-B074-54EF8799E31C}.Release|Any CPU.ActiveCfg = Release|Any CPU
		{350D3B92-89D2-4B01-B074-54EF8799E31C}.Release|Any CPU.Build.0 = Release|Any CPU
	EndGlobalSection
	GlobalSection(SolutionProperties) = preSolution
		HideSolutionNode = FALSE
	EndGlobalSection
	GlobalSection(ExtensibilityGlobals) = postSolution
		SolutionGuid = {DE8361E4-87A4-46F4-9EBF-552D2AB77ABA}
	EndGlobalSection
EndGlobal
